
Microsoft Visual Studio Solution File, Format Version 12.00
# Visual Studio 15
VisualStudioVersion = 15.0.26124.0
MinimumVisualStudioVersion = 15.0.26124.0
Project("{2150E333-8FDC-42A3-9474-1A3956D46DE8}") = "src", "src", "{6CC39008-E4F4-43BF-B34B-4E8DCEDE3714}"
EndProject
Project("{FAE04EC0-301F-11D3-BF4B-00C04F79EFBC}") = "CommandAPI", "src\CommandAPI\CommandAPI.csproj", "{8D3782F3-4351-41AB-91FB-5511D2CA2617}"
EndProject
Project("{2150E333-8FDC-42A3-9474-1A3956D46DE8}") = "test", "test", "{2D432EBA-A78A-45E5-AEB7-E6DD6FA08DC8}"
EndProject
Project("{FAE04EC0-301F-11D3-BF4B-00C04F79EFBC}") = "CommandAPI.Tests", "test\CommandAPI.Tests\CommandAPI.Tests.csproj", "{FC7734C9-61F3-4722-9CE8-4C11F0CFA88F}"
EndProject
Global
	GlobalSection(SolutionConfigurationPlatforms) = preSolution
		Debug|Any CPU = Debug|Any CPU
		Debug|x64 = Debug|x64
		Debug|x86 = Debug|x86
		Release|Any CPU = Release|Any CPU
		Release|x64 = Release|x64
		Release|x86 = Release|x86
	EndGlobalSection
	GlobalSection(SolutionProperties) = preSolution
		HideSolutionNode = FALSE
	EndGlobalSection
	GlobalSection(ProjectConfigurationPlatforms) = postSolution
		{8D3782F3-4351-41AB-91FB-5511D2CA2617}.Debug|Any CPU.ActiveCfg = Debug|Any CPU
		{8D3782F3-4351-41AB-91FB-5511D2CA2617}.Debug|Any CPU.Build.0 = Debug|Any CPU
		{8D3782F3-4351-41AB-91FB-5511D2CA2617}.Debug|x64.ActiveCfg = Debug|Any CPU
		{8D3782F3-4351-41AB-91FB-5511D2CA2617}.Debug|x64.Build.0 = Debug|Any CPU
		{8D3782F3-4351-41AB-91FB-5511D2CA2617}.Debug|x86.ActiveCfg = Debug|Any CPU
		{8D3782F3-4351-41AB-91FB-5511D2CA2617}.Debug|x86.Build.0 = Debug|Any CPU
		{8D3782F3-4351-41AB-91FB-5511D2CA2617}.Release|Any CPU.ActiveCfg = Release|Any CPU
		{8D3782F3-4351-41AB-91FB-5511D2CA2617}.Release|Any CPU.Build.0 = Release|Any CPU
		{8D3782F3-4351-41AB-91FB-5511D2CA2617}.Release|x64.ActiveCfg = Release|Any CPU
		{8D3782F3-4351-41AB-91FB-5511D2CA2617}.Release|x64.Build.0 = Release|Any CPU
		{8D3782F3-4351-41AB-91FB-5511D2CA2617}.Release|x86.ActiveCfg = Release|Any CPU
		{8D3782F3-4351-41AB-91FB-5511D2CA2617}.Release|x86.Build.0 = Release|Any CPU
		{FC7734C9-61F3-4722-9CE8-4C11F0CFA88F}.Debug|Any CPU.ActiveCfg = Debug|Any CPU
		{FC7734C9-61F3-4722-9CE8-4C11F0CFA88F}.Debug|Any CPU.Build.0 = Debug|Any CPU
		{FC7734C9-61F3-4722-9CE8-4C11F0CFA88F}.Debug|x64.ActiveCfg = Debug|Any CPU
		{FC7734C9-61F3-4722-9CE8-4C11F0CFA88F}.Debug|x64.Build.0 = Debug|Any CPU
		{FC7734C9-61F3-4722-9CE8-4C11F0CFA88F}.Debug|x86.ActiveCfg = Debug|Any CPU
		{FC7734C9-61F3-4722-9CE8-4C11F0CFA88F}.Debug|x86.Build.0 = Debug|Any CPU
		{FC7734C9-61F3-4722-9CE8-4C11F0CFA88F}.Release|Any CPU.ActiveCfg = Release|Any CPU
		{FC7734C9-61F3-4722-9CE8-4C11F0CFA88F}.Release|Any CPU.Build.0 = Release|Any CPU
		{FC7734C9-61F3-4722-9CE8-4C11F0CFA88F}.Release|x64.ActiveCfg = Release|Any CPU
		{FC7734C9-61F3-4722-9CE8-4C11F0CFA88F}.Release|x64.Build.0 = Release|Any CPU
		{FC7734C9-61F3-4722-9CE8-4C11F0CFA88F}.Release|x86.ActiveCfg = Release|Any CPU
		{FC7734C9-61F3-4722-9CE8-4C11F0CFA88F}.Release|x86.Build.0 = Release|Any CPU
	EndGlobalSection
	GlobalSection(NestedProjects) = preSolution
		{8D3782F3-4351-41AB-91FB-5511D2CA2617} = {6CC39008-E4F4-43BF-B34B-4E8DCEDE3714}
		{FC7734C9-61F3-4722-9CE8-4C11F0CFA88F} = {2D432EBA-A78A-45E5-AEB7-E6DD6FA08DC8}
	EndGlobalSection
EndGlobal
